
Microsoft Visual Studio Solution File, Format Version 11.00
# Visual Studio 2010
Project("{FAE04EC0-301F-11D3-BF4B-00C04F79EFBC}") = "AulaXNA3D005", "AulaXNA3D005\AulaXNA3D005\AulaXNA3D005.csproj", "{2317FE47-0E68-4C10-A8E2-E0A72597CD88}"
EndProject
Project("{96E2B04D-8817-42C6-938A-82C39BA4D311}") = "AulaXNA3D005Content", "AulaXNA3D005\AulaXNA3D005Content\AulaXNA3D005Content.contentproj", "{CA38FE55-AC59-4019-9CA6-1960E912FB21}"
EndProject
Global
	GlobalSection(SolutionConfigurationPlatforms) = preSolution
		Debug|x86 = Debug|x86
		Release|x86 = Release|x86
	EndGlobalSection
	GlobalSection(ProjectConfigurationPlatforms) = postSolution
		{2317FE47-0E68-4C10-A8E2-E0A72597CD88}.Debug|x86.ActiveCfg = Debug|x86
		{2317FE47-0E68-4C10-A8E2-E0A72597CD88}.Debug|x86.Build.0 = Debug|x86
		{2317FE47-0E68-4C10-A8E2-E0A72597CD88}.Release|x86.ActiveCfg = Release|x86
		{2317FE47-0E68-4C10-A8E2-E0A72597CD88}.Release|x86.Build.0 = Release|x86
		{CA38FE55-AC59-4019-9CA6-1960E912FB21}.Debug|x86.ActiveCfg = Debug|x86
		{CA38FE55-AC59-4019-9CA6-1960E912FB21}.Release|x86.ActiveCfg = Release|x86
	EndGlobalSection
	GlobalSection(SolutionProperties) = preSolution
		HideSolutionNode = FALSE
	EndGlobalSection
EndGlobal
